github.com/arewabolu/GoHaskell v0.0.3 h1:ca6EKhLKhO1POnwF+Zsh8CqqwcvKRGlYNpD8ZTPrdwo=
github.com/arewabolu/GoHaskell v0.0.3/go.mod h1:khrj7nU7ytM2hOg/YsKlTw0ISyiiVuIViFMcTcAHrug=
golang.org/x/exp v0.0.0-20230118134722-a68e582fa157 h1:fiNkyhJPUvxbRPbCqY/D9qdjmPzfHcpK3P4bM4gioSY=
golang.org/x/exp v0.0.0-20230118134722-a68e582fa157/go.mod h1:CxIveKay+FTh1D0yPZemJVgC/95VzuuOLq5Qi4xnoYc=
